{
  "name": "qql-headless",
  "version": "1.0.0",
  "lockfileVersion": 2,
  "requires": true,
  "packages": {
    "": {
      "name": "qql-headless",
      "version": "1.0.0",
      "license": "UNLICENSED",
      "dependencies": {
        "p5": "1.2.0"
      }
    },
    "node_modules/p5": {
      "version": "1.2.0",
      "resolved": "https://registry.npmjs.org/p5/-/p5-1.2.0.tgz",
      "integrity": "sha512-om9CSZXjw+BdC/u474nUtrVXAqeSRHNBDteDpIhQqgypziE+hh9BUc/YNl3RT5rX3kNtQlLes2S2sRqFU+S+JA=="
    }
  },
  "dependencies": {
    "p5": {
      "version": "1.2.0",
      "resolved": "https://registry.npmjs.org/p5/-/p5-1.2.0.tgz",
      "integrity": "sha512-om9CSZXjw+BdC/u474nUtrVXAqeSRHNBDteDpIhQqgypziE+hh9BUc/YNl3RT5rX3kNtQlLes2S2sRqFU+S+JA=="
    }
  }
}
